
Microsoft Visual Studio Solution File, Format Version 12.00
# Visual Studio Version 16
VisualStudioVersion = 16.0.29519.181
MinimumVisualStudioVersion = 10.0.40219.1
Project("{9A19103F-16F7-4668-BE54-9A1E7A4F7556}") = "AspNetCore.Mvc.Routing.Localization", "AspNetCore.Mvc.Routing.Localization\AspNetCore.Mvc.Routing.Localization.csproj", "{6EBB0AE0-820E-4254-85E5-E8854898D07B}"
EndProject
Global
	GlobalSection(SolutionConfigurationPlatforms) = preSolution
		Debug|Any CPU = Debug|Any CPU
		Release|Any CPU = Release|Any CPU
	EndGlobalSection
	GlobalSection(ProjectConfigurationPlatforms) = postSolution
		{6EBB0AE0-820E-4254-85E5-E8854898D07B}.Debug|Any CPU.ActiveCfg = Debug|Any CPU
		{6EBB0AE0-820E-4254-85E5-E8854898D07B}.Debug|Any CPU.Build.0 = Debug|Any CPU
		{6EBB0AE0-820E-4254-85E5-E8854898D07B}.Release|Any CPU.ActiveCfg = Release|Any CPU
		{6EBB0AE0-820E-4254-85E5-E8854898D07B}.Release|Any CPU.Build.0 = Release|Any CPU
	EndGlobalSection
	GlobalSection(SolutionProperties) = preSolution
		HideSolutionNode = FALSE
	EndGlobalSection
	GlobalSection(ExtensibilityGlobals) = postSolution
		SolutionGuid = {DD0D92EF-68C1-48B4-A50D-AC5B826EA65E}
	EndGlobalSection
EndGlobal
