
Microsoft Visual Studio Solution File, Format Version 12.00
# Visual Studio Version 16
VisualStudioVersion = 16.0.30104.148
MinimumVisualStudioVersion = 10.0.40219.1
Project("{9A19103F-16F7-4668-BE54-9A1E7A4F7556}") = "LocalizedRoutingSample.Mvc", "LocalizedRoutingSample.Mvc\LocalizedRoutingSample.Mvc.csproj", "{159A4B41-A2D6-4863-891D-A0ADB740A33E}"
EndProject
Project("{9A19103F-16F7-4668-BE54-9A1E7A4F7556}") = "AspNetCore.Mvc.Routing.Localization", "..\..\src\AspNetCore.Mvc.Routing.Localization\AspNetCore.Mvc.Routing.Localization.csproj", "{C60DEDC6-7649-4050-95D1-693C014D62E1}"
EndProject
Global
	GlobalSection(SolutionConfigurationPlatforms) = preSolution
		Debug|Any CPU = Debug|Any CPU
		Release|Any CPU = Release|Any CPU
	EndGlobalSection
	GlobalSection(ProjectConfigurationPlatforms) = postSolution
		{159A4B41-A2D6-4863-891D-A0ADB740A33E}.Debug|Any CPU.ActiveCfg = Debug|Any CPU
		{159A4B41-A2D6-4863-891D-A0ADB740A33E}.Debug|Any CPU.Build.0 = Debug|Any CPU
		{159A4B41-A2D6-4863-891D-A0ADB740A33E}.Release|Any CPU.ActiveCfg = Release|Any CPU
		{159A4B41-A2D6-4863-891D-A0ADB740A33E}.Release|Any CPU.Build.0 = Release|Any CPU
		{C60DEDC6-7649-4050-95D1-693C014D62E1}.Debug|Any CPU.ActiveCfg = Debug|Any CPU
		{C60DEDC6-7649-4050-95D1-693C014D62E1}.Debug|Any CPU.Build.0 = Debug|Any CPU
		{C60DEDC6-7649-4050-95D1-693C014D62E1}.Release|Any CPU.ActiveCfg = Release|Any CPU
		{C60DEDC6-7649-4050-95D1-693C014D62E1}.Release|Any CPU.Build.0 = Release|Any CPU
	EndGlobalSection
	GlobalSection(SolutionProperties) = preSolution
		HideSolutionNode = FALSE
	EndGlobalSection
	GlobalSection(ExtensibilityGlobals) = postSolution
		SolutionGuid = {E9D94F46-77C1-4865-9F8F-C9F8BF984A29}
	EndGlobalSection
EndGlobal
